// !$*UTF8*$!
{
	archiveVersion = 1;
	classes = {
	};
	objectVersion = 56;
	objects = {

/* Begin PBXBuildFile section */
		00184A2028E98BCA00D6736F /* LayoutConfiguratorExtension.swift in Sources */ = {isa = PBXBuildFile; fileRef = 00184A1F28E98BCA00D6736F /* LayoutConfiguratorExtension.swift */; };
		00333A5228E0E59D000AD5DE /* AppDelegate.swift in Sources */ = {isa = PBXBuildFile; fileRef = 00333A5128E0E59D000AD5DE /* AppDelegate.swift */; };
		00333A5428E0E59D000AD5DE /* SceneDelegate.swift in Sources */ = {isa = PBXBuildFile; fileRef = 00333A5328E0E59D000AD5DE /* SceneDelegate.swift */; };
		00333A5B28E0E59E000AD5DE /* Assets.xcassets in Resources */ = {isa = PBXBuildFile; fileRef = 00333A5A28E0E59E000AD5DE /* Assets.xcassets */; };
		0074A61628ECE18E00D61F2E /* TitleSupplementaryView.swift in Sources */ = {isa = PBXBuildFile; fileRef = 0074A61528ECE18E00D61F2E /* TitleSupplementaryView.swift */; };
		00AA87A128E424C10057244E /* SearchCell.swift in Sources */ = {isa = PBXBuildFile; fileRef = 00AA87A028E424C10057244E /* SearchCell.swift */; };
		00AA87A928E507420057244E /* CatalogueHeaderCell.swift in Sources */ = {isa = PBXBuildFile; fileRef = 00AA87A828E507420057244E /* CatalogueHeaderCell.swift */; };
		00BCA6BE28EAAF820088434A /* Address.swift in Sources */ = {isa = PBXBuildFile; fileRef = 00BCA6BD28EAAF820088434A /* Address.swift */; };
		00C6C75628E5987C0054DD28 /* SearchProtocols.swift in Sources */ = {isa = PBXBuildFile; fileRef = 00C6C75528E5987C0054DD28 /* SearchProtocols.swift */; };
		00C6C75828E598920054DD28 /* SearchViewController.swift in Sources */ = {isa = PBXBuildFile; fileRef = 00C6C75728E598920054DD28 /* SearchViewController.swift */; };
		00C6C75A28E5989F0054DD28 /* SearchInteractor.swift in Sources */ = {isa = PBXBuildFile; fileRef = 00C6C75928E5989F0054DD28 /* SearchInteractor.swift */; };
		00C6C75C28E598A90054DD28 /* SearchPresenter.swift in Sources */ = {isa = PBXBuildFile; fileRef = 00C6C75B28E598A90054DD28 /* SearchPresenter.swift */; };
		00C6C75E28E598B60054DD28 /* SearchAssembly.swift in Sources */ = {isa = PBXBuildFile; fileRef = 00C6C75D28E598B60054DD28 /* SearchAssembly.swift */; };
		00C6C76028E598C70054DD28 /* SearchRouter.swift in Sources */ = {isa = PBXBuildFile; fileRef = 00C6C75F28E598C70054DD28 /* SearchRouter.swift */; };
		00C6C76228E598D60054DD28 /* SearchWorker.swift in Sources */ = {isa = PBXBuildFile; fileRef = 00C6C76128E598D60054DD28 /* SearchWorker.swift */; };
		00C6C76428E598E20054DD28 /* SearchModel.swift in Sources */ = {isa = PBXBuildFile; fileRef = 00C6C76328E598E20054DD28 /* SearchModel.swift */; };
		00C6C76928E5A5E20054DD28 /* AddressListCell.swift in Sources */ = {isa = PBXBuildFile; fileRef = 00C6C76828E5A5E20054DD28 /* AddressListCell.swift */; };
		00C6C76B28E5ACDB0054DD28 /* AddressData.swift in Sources */ = {isa = PBXBuildFile; fileRef = 00C6C76A28E5ACDB0054DD28 /* AddressData.swift */; };
		00CDAE5928E0E86E00502E85 /* MainProtocols.swift in Sources */ = {isa = PBXBuildFile; fileRef = 00CDAE3C28E0E86E00502E85 /* MainProtocols.swift */; };
		00CDAE5A28E0E86E00502E85 /* MainViewController.swift in Sources */ = {isa = PBXBuildFile; fileRef = 00CDAE3D28E0E86E00502E85 /* MainViewController.swift */; };
		00CDAE5B28E0E86E00502E85 /* MainInteractor.swift in Sources */ = {isa = PBXBuildFile; fileRef = 00CDAE3E28E0E86E00502E85 /* MainInteractor.swift */; };
		00CDAE5C28E0E86E00502E85 /* MainPresenter.swift in Sources */ = {isa = PBXBuildFile; fileRef = 00CDAE3F28E0E86E00502E85 /* MainPresenter.swift */; };
		00CDAE5D28E0E86E00502E85 /* MainRouter.swift in Sources */ = {isa = PBXBuildFile; fileRef = 00CDAE4028E0E86E00502E85 /* MainRouter.swift */; };
		00CDAE5E28E0E86E00502E85 /* MainWorker.swift in Sources */ = {isa = PBXBuildFile; fileRef = 00CDAE4128E0E86E00502E85 /* MainWorker.swift */; };
		00CDAE5F28E0E86E00502E85 /* MainModel.swift in Sources */ = {isa = PBXBuildFile; fileRef = 00CDAE4228E0E86E00502E85 /* MainModel.swift */; };
		00CDAE6128E0E86E00502E85 /* MainAssembly.swift in Sources */ = {isa = PBXBuildFile; fileRef = 00CDAE4628E0E86E00502E85 /* MainAssembly.swift */; };
		00CDAE6228E0E86E00502E85 /* MenuAssembly.swift in Sources */ = {isa = PBXBuildFile; fileRef = 00CDAE4828E0E86E00502E85 /* MenuAssembly.swift */; };
		00CDAE6328E0E86E00502E85 /* MenuRouter.swift in Sources */ = {isa = PBXBuildFile; fileRef = 00CDAE4928E0E86E00502E85 /* MenuRouter.swift */; };
		00CDAE6428E0E86E00502E85 /* MenuWorker.swift in Sources */ = {isa = PBXBuildFile; fileRef = 00CDAE4A28E0E86E00502E85 /* MenuWorker.swift */; };
		00CDAE6528E0E86E00502E85 /* MenuModel.swift in Sources */ = {isa = PBXBuildFile; fileRef = 00CDAE4B28E0E86E00502E85 /* MenuModel.swift */; };
		00CDAE6628E0E86E00502E85 /* MenuPresenter.swift in Sources */ = {isa = PBXBuildFile; fileRef = 00CDAE4C28E0E86E00502E85 /* MenuPresenter.swift */; };
		00CDAE6728E0E86E00502E85 /* MenuProtocols.swift in Sources */ = {isa = PBXBuildFile; fileRef = 00CDAE4D28E0E86E00502E85 /* MenuProtocols.swift */; };
		00CDAE6828E0E86E00502E85 /* MenuInteractor.swift in Sources */ = {isa = PBXBuildFile; fileRef = 00CDAE4E28E0E86E00502E85 /* MenuInteractor.swift */; };
		00CDAE6928E0E86E00502E85 /* SeparatorView.swift in Sources */ = {isa = PBXBuildFile; fileRef = 00CDAE5128E0E86E00502E85 /* SeparatorView.swift */; };
		00CDAE6A28E0E86E00502E85 /* MenuCell.swift in Sources */ = {isa = PBXBuildFile; fileRef = 00CDAE5228E0E86E00502E85 /* MenuCell.swift */; };
		00CDAE6C28E0E86E00502E85 /* MenuViewController.swift in Sources */ = {isa = PBXBuildFile; fileRef = 00CDAE5428E0E86E00502E85 /* MenuViewController.swift */; };
		00CDAE6D28E0E86E00502E85 /* Styles.swift in Sources */ = {isa = PBXBuildFile; fileRef = 00CDAE5628E0E86E00502E85 /* Styles.swift */; };
		00CDAE6E28E0E86E00502E85 /* Extensions.swift in Sources */ = {isa = PBXBuildFile; fileRef = 00CDAE5728E0E86E00502E85 /* Extensions.swift */; };
		00CDAE7728E184ED00502E85 /* Mocks.swift in Sources */ = {isa = PBXBuildFile; fileRef = 00CDAE7628E184ED00502E85 /* Mocks.swift */; };
		00D431D428E3A8410035CA28 /* AddressCell.swift in Sources */ = {isa = PBXBuildFile; fileRef = 00D431D328E3A8410035CA28 /* AddressCell.swift */; };
		00DE1A2428E238200044E719 /* OptionCell.swift in Sources */ = {isa = PBXBuildFile; fileRef = 00DE1A2328E238200044E719 /* OptionCell.swift */; };
		00DE1A2628E238490044E719 /* BannerCell.swift in Sources */ = {isa = PBXBuildFile; fileRef = 00DE1A2528E238490044E719 /* BannerCell.swift */; };
		00DE1A2828E238A00044E719 /* PromotionCell.swift in Sources */ = {isa = PBXBuildFile; fileRef = 00DE1A2728E238A00044E719 /* PromotionCell.swift */; };
		00DE1A2A28E238BA0044E719 /* CatalogueCell.swift in Sources */ = {isa = PBXBuildFile; fileRef = 00DE1A2928E238BA0044E719 /* CatalogueCell.swift */; };
/* End PBXBuildFile section */

/* Begin PBXFileReference section */
		00184A1F28E98BCA00D6736F /* LayoutConfiguratorExtension.swift */ = {isa = PBXFileReference; lastKnownFileType = sourcecode.swift; path = LayoutConfiguratorExtension.swift; sourceTree = "<group>"; };
		00333A4E28E0E59D000AD5DE /* UIKit-Delivery.app */ = {isa = PBXFileReference; explicitFileType = wrapper.application; includeInIndex = 0; path = "UIKit-Delivery.app"; sourceTree = BUILT_PRODUCTS_DIR; };
		00333A5128E0E59D000AD5DE /* AppDelegate.swift */ = {isa = PBXFileReference; lastKnownFileType = sourcecode.swift; path = AppDelegate.swift; sourceTree = "<group>"; };
		00333A5328E0E59D000AD5DE /* SceneDelegate.swift */ = {isa = PBXFileReference; lastKnownFileType = sourcecode.swift; path = SceneDelegate.swift; sourceTree = "<group>"; };
		00333A5A28E0E59E000AD5DE /* Assets.xcassets */ = {isa = PBXFileReference; lastKnownFileType = folder.assetcatalog; path = Assets.xcassets; sourceTree = "<group>"; };
		00333A5F28E0E59E000AD5DE /* Info.plist */ = {isa = PBXFileReference; lastKnownFileType = text.plist.xml; path = Info.plist; sourceTree = "<group>"; };
		0074A61528ECE18E00D61F2E /* TitleSupplementaryView.swift */ = {isa = PBXFileReference; lastKnownFileType = sourcecode.swift; path = TitleSupplementaryView.swift; sourceTree = "<group>"; };
		00AA87A028E424C10057244E /* SearchCell.swift */ = {isa = PBXFileReference; lastKnownFileType = sourcecode.swift; path = SearchCell.swift; sourceTree = "<group>"; };
		00AA87A828E507420057244E /* CatalogueHeaderCell.swift */ = {isa = PBXFileReference; lastKnownFileType = sourcecode.swift; path = CatalogueHeaderCell.swift; sourceTree = "<group>"; };
		00BCA6BD28EAAF820088434A /* Address.swift */ = {isa = PBXFileReference; lastKnownFileType = sourcecode.swift; path = Address.swift; sourceTree = "<group>"; };
		00C6C75528E5987C0054DD28 /* SearchProtocols.swift */ = {isa = PBXFileReference; lastKnownFileType = sourcecode.swift; path = SearchProtocols.swift; sourceTree = "<group>"; };
		00C6C75728E598920054DD28 /* SearchViewController.swift */ = {isa = PBXFileReference; lastKnownFileType = sourcecode.swift; path = SearchViewController.swift; sourceTree = "<group>"; };
		00C6C75928E5989F0054DD28 /* SearchInteractor.swift */ = {isa = PBXFileReference; lastKnownFileType = sourcecode.swift; path = SearchInteractor.swift; sourceTree = "<group>"; };
		00C6C75B28E598A90054DD28 /* SearchPresenter.swift */ = {isa = PBXFileReference; lastKnownFileType = sourcecode.swift; path = SearchPresenter.swift; sourceTree = "<group>"; };
		00C6C75D28E598B60054DD28 /* SearchAssembly.swift */ = {isa = PBXFileReference; lastKnownFileType = sourcecode.swift; path = SearchAssembly.swift; sourceTree = "<group>"; };
		00C6C75F28E598C70054DD28 /* SearchRouter.swift */ = {isa = PBXFileReference; lastKnownFileType = sourcecode.swift; path = SearchRouter.swift; sourceTree = "<group>"; };
		00C6C76128E598D60054DD28 /* SearchWorker.swift */ = {isa = PBXFileReference; lastKnownFileType = sourcecode.swift; path = SearchWorker.swift; sourceTree = "<group>"; };
		00C6C76328E598E20054DD28 /* SearchModel.swift */ = {isa = PBXFileReference; lastKnownFileType = sourcecode.swift; path = SearchModel.swift; sourceTree = "<group>"; };
		00C6C76828E5A5E20054DD28 /* AddressListCell.swift */ = {isa = PBXFileReference; lastKnownFileType = sourcecode.swift; path = AddressListCell.swift; sourceTree = "<group>"; };
		00C6C76A28E5ACDB0054DD28 /* AddressData.swift */ = {isa = PBXFileReference; lastKnownFileType = sourcecode.swift; path = AddressData.swift; sourceTree = "<group>"; };
		00CDAE3C28E0E86E00502E85 /* MainProtocols.swift */ = {isa = PBXFileReference; fileEncoding = 4; lastKnownFileType = sourcecode.swift; path = MainProtocols.swift; sourceTree = "<group>"; };
		00CDAE3D28E0E86E00502E85 /* MainViewController.swift */ = {isa = PBXFileReference; fileEncoding = 4; lastKnownFileType = sourcecode.swift; path = MainViewController.swift; sourceTree = "<group>"; };
		00CDAE3E28E0E86E00502E85 /* MainInteractor.swift */ = {isa = PBXFileReference; fileEncoding = 4; lastKnownFileType = sourcecode.swift; path = MainInteractor.swift; sourceTree = "<group>"; };
		00CDAE3F28E0E86E00502E85 /* MainPresenter.swift */ = {isa = PBXFileReference; fileEncoding = 4; lastKnownFileType = sourcecode.swift; path = MainPresenter.swift; sourceTree = "<group>"; };
		00CDAE4028E0E86E00502E85 /* MainRouter.swift */ = {isa = PBXFileReference; fileEncoding = 4; lastKnownFileType = sourcecode.swift; path = MainRouter.swift; sourceTree = "<group>"; };
		00CDAE4128E0E86E00502E85 /* MainWorker.swift */ = {isa = PBXFileReference; fileEncoding = 4; lastKnownFileType = sourcecode.swift; path = MainWorker.swift; sourceTree = "<group>"; };
		00CDAE4228E0E86E00502E85 /* MainModel.swift */ = {isa = PBXFileReference; fileEncoding = 4; lastKnownFileType = sourcecode.swift; path = MainModel.swift; sourceTree = "<group>"; };
		00CDAE4628E0E86E00502E85 /* MainAssembly.swift */ = {isa = PBXFileReference; fileEncoding = 4; lastKnownFileType = sourcecode.swift; path = MainAssembly.swift; sourceTree = "<group>"; };
		00CDAE4828E0E86E00502E85 /* MenuAssembly.swift */ = {isa = PBXFileReference; fileEncoding = 4; lastKnownFileType = sourcecode.swift; path = MenuAssembly.swift; sourceTree = "<group>"; };
		00CDAE4928E0E86E00502E85 /* MenuRouter.swift */ = {isa = PBXFileReference; fileEncoding = 4; lastKnownFileType = sourcecode.swift; path = MenuRouter.swift; sourceTree = "<group>"; };
		00CDAE4A28E0E86E00502E85 /* MenuWorker.swift */ = {isa = PBXFileReference; fileEncoding = 4; lastKnownFileType = sourcecode.swift; path = MenuWorker.swift; sourceTree = "<group>"; };
		00CDAE4B28E0E86E00502E85 /* MenuModel.swift */ = {isa = PBXFileReference; fileEncoding = 4; lastKnownFileType = sourcecode.swift; path = MenuModel.swift; sourceTree = "<group>"; };
		00CDAE4C28E0E86E00502E85 /* MenuPresenter.swift */ = {isa = PBXFileReference; fileEncoding = 4; lastKnownFileType = sourcecode.swift; path = MenuPresenter.swift; sourceTree = "<group>"; };
		00CDAE4D28E0E86E00502E85 /* MenuProtocols.swift */ = {isa = PBXFileReference; fileEncoding = 4; lastKnownFileType = sourcecode.swift; path = MenuProtocols.swift; sourceTree = "<group>"; };
		00CDAE4E28E0E86E00502E85 /* MenuInteractor.swift */ = {isa = PBXFileReference; fileEncoding = 4; lastKnownFileType = sourcecode.swift; path = MenuInteractor.swift; sourceTree = "<group>"; };
		00CDAE5128E0E86E00502E85 /* SeparatorView.swift */ = {isa = PBXFileReference; fileEncoding = 4; lastKnownFileType = sourcecode.swift; path = SeparatorView.swift; sourceTree = "<group>"; };
		00CDAE5228E0E86E00502E85 /* MenuCell.swift */ = {isa = PBXFileReference; fileEncoding = 4; lastKnownFileType = sourcecode.swift; path = MenuCell.swift; sourceTree = "<group>"; };
		00CDAE5428E0E86E00502E85 /* MenuViewController.swift */ = {isa = PBXFileReference; fileEncoding = 4; lastKnownFileType = sourcecode.swift; path = MenuViewController.swift; sourceTree = "<group>"; };
		00CDAE5628E0E86E00502E85 /* Styles.swift */ = {isa = PBXFileReference; fileEncoding = 4; lastKnownFileType = sourcecode.swift; path = Styles.swift; sourceTree = "<group>"; };
		00CDAE5728E0E86E00502E85 /* Extensions.swift */ = {isa = PBXFileReference; fileEncoding = 4; lastKnownFileType = sourcecode.swift; path = Extensions.swift; sourceTree = "<group>"; };
		00CDAE7628E184ED00502E85 /* Mocks.swift */ = {isa = PBXFileReference; lastKnownFileType = sourcecode.swift; path = Mocks.swift; sourceTree = "<group>"; };
		00D431D328E3A8410035CA28 /* AddressCell.swift */ = {isa = PBXFileReference; lastKnownFileType = sourcecode.swift; path = AddressCell.swift; sourceTree = "<group>"; };
		00DE1A2328E238200044E719 /* OptionCell.swift */ = {isa = PBXFileReference; lastKnownFileType = sourcecode.swift; path = OptionCell.swift; sourceTree = "<group>"; };
		00DE1A2528E238490044E719 /* BannerCell.swift */ = {isa = PBXFileReference; lastKnownFileType = sourcecode.swift; path = BannerCell.swift; sourceTree = "<group>"; };
		00DE1A2728E238A00044E719 /* PromotionCell.swift */ = {isa = PBXFileReference; lastKnownFileType = sourcecode.swift; path = PromotionCell.swift; sourceTree = "<group>"; };
		00DE1A2928E238BA0044E719 /* CatalogueCell.swift */ = {isa = PBXFileReference; lastKnownFileType = sourcecode.swift; path = CatalogueCell.swift; sourceTree = "<group>"; };
/* End PBXFileReference section */

/* Begin PBXFrameworksBuildPhase section */
		00333A4B28E0E59D000AD5DE /* Frameworks */ = {
			isa = PBXFrameworksBuildPhase;
			buildActionMask = 2147483647;
			files = (
			);
			runOnlyForDeploymentPostprocessing = 0;
		};
/* End PBXFrameworksBuildPhase section */

/* Begin PBXGroup section */
		00184A1E28E98B9F00D6736F /* Extensions */ = {
			isa = PBXGroup;
			children = (
				00184A1F28E98BCA00D6736F /* LayoutConfiguratorExtension.swift */,
			);
			path = Extensions;
			sourceTree = "<group>";
		};
		00333A4528E0E59D000AD5DE = {
			isa = PBXGroup;
			children = (
				00333A5028E0E59D000AD5DE /* UIKit-Delivery */,
				00333A4F28E0E59D000AD5DE /* Products */,
			);
			sourceTree = "<group>";
		};
		00333A4F28E0E59D000AD5DE /* Products */ = {
			isa = PBXGroup;
			children = (
				00333A4E28E0E59D000AD5DE /* UIKit-Delivery.app */,
			);
			name = Products;
			sourceTree = "<group>";
		};
		00333A5028E0E59D000AD5DE /* UIKit-Delivery */ = {
			isa = PBXGroup;
			children = (
				00CDAE5828E0E86E00502E85 /* Models */,
				00CDAE3A28E0E86E00502E85 /* Scenes */,
				00CDAE5528E0E86E00502E85 /* Utilities */,
				00CDAE7528E184BD00502E85 /* Mocks */,
				00333A6528E0E605000AD5DE /* System */,
			);
			path = "UIKit-Delivery";
			sourceTree = "<group>";
		};
		00333A6528E0E605000AD5DE /* System */ = {
			isa = PBXGroup;
			children = (
				00333A5128E0E59D000AD5DE /* AppDelegate.swift */,
				00333A5328E0E59D000AD5DE /* SceneDelegate.swift */,
				00333A5A28E0E59E000AD5DE /* Assets.xcassets */,
				00333A5F28E0E59E000AD5DE /* Info.plist */,
			);
			path = System;
			sourceTree = "<group>";
		};
		00C6C75328E598280054DD28 /* SearchScene */ = {
			isa = PBXGroup;
			children = (
				00C6C75428E598600054DD28 /* Cells */,
				00C6C75728E598920054DD28 /* SearchViewController.swift */,
				00C6C75928E5989F0054DD28 /* SearchInteractor.swift */,
				00C6C75B28E598A90054DD28 /* SearchPresenter.swift */,
				00C6C75D28E598B60054DD28 /* SearchAssembly.swift */,
				00C6C75F28E598C70054DD28 /* SearchRouter.swift */,
				00C6C76128E598D60054DD28 /* SearchWorker.swift */,
				00C6C76328E598E20054DD28 /* SearchModel.swift */,
				00C6C75528E5987C0054DD28 /* SearchProtocols.swift */,
			);
			path = SearchScene;
			sourceTree = "<group>";
		};
		00C6C75428E598600054DD28 /* Cells */ = {
			isa = PBXGroup;
			children = (
				00C6C76828E5A5E20054DD28 /* AddressListCell.swift */,
			);
			path = Cells;
			sourceTree = "<group>";
		};
		00C6C76C28E636FD0054DD28 /* SharedViews */ = {
			isa = PBXGroup;
			children = (
				00CDAE5128E0E86E00502E85 /* SeparatorView.swift */,
			);
			path = SharedViews;
			sourceTree = "<group>";
		};
		00CDAE3A28E0E86E00502E85 /* Scenes */ = {
			isa = PBXGroup;
			children = (
				00CDAE3B28E0E86E00502E85 /* MainScene */,
				00CDAE4728E0E86E00502E85 /* MenuScene */,
				00C6C75328E598280054DD28 /* SearchScene */,
			);
			path = Scenes;
			sourceTree = "<group>";
		};
		00CDAE3B28E0E86E00502E85 /* MainScene */ = {
			isa = PBXGroup;
			children = (
				00CDAE4328E0E86E00502E85 /* CellsAndSupplementaryViews */,
				00184A1E28E98B9F00D6736F /* Extensions */,
				00CDAE3D28E0E86E00502E85 /* MainViewController.swift */,
				00CDAE3E28E0E86E00502E85 /* MainInteractor.swift */,
				00CDAE3F28E0E86E00502E85 /* MainPresenter.swift */,
				00CDAE4628E0E86E00502E85 /* MainAssembly.swift */,
				00CDAE4028E0E86E00502E85 /* MainRouter.swift */,
				00CDAE4128E0E86E00502E85 /* MainWorker.swift */,
				00CDAE4228E0E86E00502E85 /* MainModel.swift */,
				00CDAE3C28E0E86E00502E85 /* MainProtocols.swift */,
			);
			path = MainScene;
			sourceTree = "<group>";
		};
		00CDAE4328E0E86E00502E85 /* CellsAndSupplementaryViews */ = {
			isa = PBXGroup;
			children = (
				0074A61528ECE18E00D61F2E /* TitleSupplementaryView.swift */,
				00D431D328E3A8410035CA28 /* AddressCell.swift */,
				00AA87A028E424C10057244E /* SearchCell.swift */,
				00DE1A2328E238200044E719 /* OptionCell.swift */,
				00DE1A2528E238490044E719 /* BannerCell.swift */,
				00DE1A2728E238A00044E719 /* PromotionCell.swift */,
				00AA87A828E507420057244E /* CatalogueHeaderCell.swift */,
				00DE1A2928E238BA0044E719 /* CatalogueCell.swift */,
			);
			path = CellsAndSupplementaryViews;
			sourceTree = "<group>";
		};
		00CDAE4728E0E86E00502E85 /* MenuScene */ = {
			isa = PBXGroup;
			children = (
				00CDAE4F28E0E86E00502E85 /* Cells */,
				00CDAE5428E0E86E00502E85 /* MenuViewController.swift */,
				00CDAE4E28E0E86E00502E85 /* MenuInteractor.swift */,
				00CDAE4C28E0E86E00502E85 /* MenuPresenter.swift */,
				00CDAE4828E0E86E00502E85 /* MenuAssembly.swift */,
				00CDAE4928E0E86E00502E85 /* MenuRouter.swift */,
				00CDAE4A28E0E86E00502E85 /* MenuWorker.swift */,
				00CDAE4B28E0E86E00502E85 /* MenuModel.swift */,
				00CDAE4D28E0E86E00502E85 /* MenuProtocols.swift */,
			);
			path = MenuScene;
			sourceTree = "<group>";
		};
		00CDAE4F28E0E86E00502E85 /* Cells */ = {
			isa = PBXGroup;
			children = (
				00CDAE5228E0E86E00502E85 /* MenuCell.swift */,
			);
			path = Cells;
			sourceTree = "<group>";
		};
		00CDAE5528E0E86E00502E85 /* Utilities */ = {
			isa = PBXGroup;
			children = (
				00C6C76C28E636FD0054DD28 /* SharedViews */,
				00CDAE5628E0E86E00502E85 /* Styles.swift */,
				00CDAE5728E0E86E00502E85 /* Extensions.swift */,
			);
			path = Utilities;
			sourceTree = "<group>";
		};
		00CDAE5828E0E86E00502E85 /* Models */ = {
			isa = PBXGroup;
			children = (
				00C6C76A28E5ACDB0054DD28 /* AddressData.swift */,
				00BCA6BD28EAAF820088434A /* Address.swift */,
			);
			path = Models;
			sourceTree = "<group>";
		};
		00CDAE7528E184BD00502E85 /* Mocks */ = {
			isa = PBXGroup;
			children = (
				00CDAE7628E184ED00502E85 /* Mocks.swift */,
			);
			path = Mocks;
			sourceTree = "<group>";
		};
/* End PBXGroup section */

/* Begin PBXNativeTarget section */
		00333A4D28E0E59D000AD5DE /* UIKit-Delivery */ = {
			isa = PBXNativeTarget;
			buildConfigurationList = 00333A6228E0E59E000AD5DE /* Build configuration list for PBXNativeTarget "UIKit-Delivery" */;
			buildPhases = (
				00CDAE6F28E0EB4900502E85 /* Swiftlint */,
				00333A4A28E0E59D000AD5DE /* Sources */,
				00333A4B28E0E59D000AD5DE /* Frameworks */,
				00333A4C28E0E59D000AD5DE /* Resources */,
			);
			buildRules = (
			);
			dependencies = (
			);
			name = "UIKit-Delivery";
			productName = "UIKit-Delivery";
			productReference = 00333A4E28E0E59D000AD5DE /* UIKit-Delivery.app */;
			productType = "com.apple.product-type.application";
		};
/* End PBXNativeTarget section */

/* Begin PBXProject section */
		00333A4628E0E59D000AD5DE /* Project object */ = {
			isa = PBXProject;
			attributes = {
				BuildIndependentTargetsInParallel = 1;
				LastSwiftUpdateCheck = 1400;
				LastUpgradeCheck = 1400;
				TargetAttributes = {
					00333A4D28E0E59D000AD5DE = {
						CreatedOnToolsVersion = 14.0;
					};
				};
			};
			buildConfigurationList = 00333A4928E0E59D000AD5DE /* Build configuration list for PBXProject "UIKit-Delivery" */;
			compatibilityVersion = "Xcode 14.0";
			developmentRegion = en;
			hasScannedForEncodings = 0;
			knownRegions = (
				en,
				Base,
			);
			mainGroup = 00333A4528E0E59D000AD5DE;
			productRefGroup = 00333A4F28E0E59D000AD5DE /* Products */;
			projectDirPath = "";
			projectRoot = "";
			targets = (
				00333A4D28E0E59D000AD5DE /* UIKit-Delivery */,
			);
		};
/* End PBXProject section */

/* Begin PBXResourcesBuildPhase section */
		00333A4C28E0E59D000AD5DE /* Resources */ = {
			isa = PBXResourcesBuildPhase;
			buildActionMask = 2147483647;
			files = (
				00333A5B28E0E59E000AD5DE /* Assets.xcassets in Resources */,
			);
			runOnlyForDeploymentPostprocessing = 0;
		};
/* End PBXResourcesBuildPhase section */

/* Begin PBXShellScriptBuildPhase section */
		00CDAE6F28E0EB4900502E85 /* Swiftlint */ = {
			isa = PBXShellScriptBuildPhase;
			alwaysOutOfDate = 1;
			buildActionMask = 2147483647;
			files = (
			);
			inputFileListPaths = (
			);
			inputPaths = (
			);
			name = Swiftlint;
			outputFileListPaths = (
			);
			outputPaths = (
			);
			runOnlyForDeploymentPostprocessing = 0;
			shellPath = /bin/sh;
			shellScript = "#export PATH=\"$PATH:/opt/homebrew/bin\"\n\nif which swiftlint >/dev/null; then\n  swiftlint\nelse\n  echo \"warning: SwiftLint not installed, download from https://github.com/realm/SwiftLint\"\nfi\n";
		};
/* End PBXShellScriptBuildPhase section */

/* Begin PBXSourcesBuildPhase section */
		00333A4A28E0E59D000AD5DE /* Sources */ = {
			isa = PBXSourcesBuildPhase;
			buildActionMask = 2147483647;
			files = (
				00CDAE5928E0E86E00502E85 /* MainProtocols.swift in Sources */,
				00CDAE6328E0E86E00502E85 /* MenuRouter.swift in Sources */,
				00CDAE6928E0E86E00502E85 /* SeparatorView.swift in Sources */,
				00C6C76B28E5ACDB0054DD28 /* AddressData.swift in Sources */,
				00DE1A2A28E238BA0044E719 /* CatalogueCell.swift in Sources */,
				00184A2028E98BCA00D6736F /* LayoutConfiguratorExtension.swift in Sources */,
				00BCA6BE28EAAF820088434A /* Address.swift in Sources */,
				00C6C75628E5987C0054DD28 /* SearchProtocols.swift in Sources */,
				00CDAE6D28E0E86E00502E85 /* Styles.swift in Sources */,
				00DE1A2428E238200044E719 /* OptionCell.swift in Sources */,
				00CDAE6428E0E86E00502E85 /* MenuWorker.swift in Sources */,
				00AA87A928E507420057244E /* CatalogueHeaderCell.swift in Sources */,
				00CDAE5D28E0E86E00502E85 /* MainRouter.swift in Sources */,
				00CDAE6528E0E86E00502E85 /* MenuModel.swift in Sources */,
				00C6C76028E598C70054DD28 /* SearchRouter.swift in Sources */,
				00AA87A128E424C10057244E /* SearchCell.swift in Sources */,
				00CDAE6828E0E86E00502E85 /* MenuInteractor.swift in Sources */,
				00C6C75828E598920054DD28 /* SearchViewController.swift in Sources */,
				00C6C76428E598E20054DD28 /* SearchModel.swift in Sources */,
				00CDAE5F28E0E86E00502E85 /* MainModel.swift in Sources */,
				00DE1A2628E238490044E719 /* BannerCell.swift in Sources */,
				00CDAE6728E0E86E00502E85 /* MenuProtocols.swift in Sources */,
				00333A5228E0E59D000AD5DE /* AppDelegate.swift in Sources */,
				00C6C76228E598D60054DD28 /* SearchWorker.swift in Sources */,
				00CDAE6628E0E86E00502E85 /* MenuPresenter.swift in Sources */,
				00CDAE5E28E0E86E00502E85 /* MainWorker.swift in Sources */,
				00333A5428E0E59D000AD5DE /* SceneDelegate.swift in Sources */,
				00DE1A2828E238A00044E719 /* PromotionCell.swift in Sources */,
				00CDAE6A28E0E86E00502E85 /* MenuCell.swift in Sources */,
				00D431D428E3A8410035CA28 /* AddressCell.swift in Sources */,
				00C6C75E28E598B60054DD28 /* SearchAssembly.swift in Sources */,
				00C6C76928E5A5E20054DD28 /* AddressListCell.swift in Sources */,
				00CDAE5A28E0E86E00502E85 /* MainViewController.swift in Sources */,
				00CDAE5C28E0E86E00502E85 /* MainPresenter.swift in Sources */,
				00CDAE6E28E0E86E00502E85 /* Extensions.swift in Sources */,
				0074A61628ECE18E00D61F2E /* TitleSupplementaryView.swift in Sources */,
				00C6C75A28E5989F0054DD28 /* SearchInteractor.swift in Sources */,
				00CDAE6228E0E86E00502E85 /* MenuAssembly.swift in Sources */,
				00CDAE6128E0E86E00502E85 /* MainAssembly.swift in Sources */,
				00CDAE7728E184ED00502E85 /* Mocks.swift in Sources */,
				00CDAE5B28E0E86E00502E85 /* MainInteractor.swift in Sources */,
				00C6C75C28E598A90054DD28 /* SearchPresenter.swift in Sources */,
				00CDAE6C28E0E86E00502E85 /* MenuViewController.swift in Sources */,
			);
			runOnlyForDeploymentPostprocessing = 0;
		};
/* End PBXSourcesBuildPhase section */

/* Begin XCBuildConfiguration section */
		00333A6028E0E59E000AD5DE /* Debug */ = {
			isa = XCBuildConfiguration;
			buildSettings = {
				ALWAYS_SEARCH_USER_PATHS = NO;
				CLANG_ANALYZER_NONNULL = YES;
				CLANG_ANALYZER_NUMBER_OBJECT_CONVERSION = YES_AGGRESSIVE;
				CLANG_CXX_LANGUAGE_STANDARD = "gnu++20";
				CLANG_ENABLE_MODULES = YES;
				CLANG_ENABLE_OBJC_ARC = YES;
				CLANG_ENABLE_OBJC_WEAK = YES;
				CLANG_WARN_BLOCK_CAPTURE_AUTORELEASING = YES;
				CLANG_WARN_BOOL_CONVERSION = YES;
				CLANG_WARN_COMMA = YES;
				CLANG_WARN_CONSTANT_CONVERSION = YES;
				CLANG_WARN_DEPRECATED_OBJC_IMPLEMENTATIONS = YES;
				CLANG_WARN_DIRECT_OBJC_ISA_USAGE = YES_ERROR;
				CLANG_WARN_DOCUMENTATION_COMMENTS = YES;
				CLANG_WARN_EMPTY_BODY = YES;
				CLANG_WARN_ENUM_CONVERSION = YES;
				CLANG_WARN_INFINITE_RECURSION = YES;
				CLANG_WARN_INT_CONVERSION = YES;
				CLANG_WARN_NON_LITERAL_NULL_CONVERSION = YES;
				CLANG_WARN_OBJC_IMPLICIT_RETAIN_SELF = YES;
				CLANG_WARN_OBJC_LITERAL_CONVERSION = YES;
				CLANG_WARN_OBJC_ROOT_CLASS = YES_ERROR;
				CLANG_WARN_QUOTED_INCLUDE_IN_FRAMEWORK_HEADER = YES;
				CLANG_WARN_RANGE_LOOP_ANALYSIS = YES;
				CLANG_WARN_STRICT_PROTOTYPES = YES;
				CLANG_WARN_SUSPICIOUS_MOVE = YES;
				CLANG_WARN_UNGUARDED_AVAILABILITY = YES_AGGRESSIVE;
				CLANG_WARN_UNREACHABLE_CODE = YES;
				CLANG_WARN__DUPLICATE_METHOD_MATCH = YES;
				COPY_PHASE_STRIP = NO;
				DEBUG_INFORMATION_FORMAT = dwarf;
				ENABLE_STRICT_OBJC_MSGSEND = YES;
				ENABLE_TESTABILITY = YES;
				GCC_C_LANGUAGE_STANDARD = gnu11;
				GCC_DYNAMIC_NO_PIC = NO;
				GCC_NO_COMMON_BLOCKS = YES;
				GCC_OPTIMIZATION_LEVEL = 0;
				GCC_PREPROCESSOR_DEFINITIONS = (
					"DEBUG=1",
					"$(inherited)",
				);
				GCC_WARN_64_TO_32_BIT_CONVERSION = YES;
				GCC_WARN_ABOUT_RETURN_TYPE = YES_ERROR;
				GCC_WARN_UNDECLARED_SELECTOR = YES;
				GCC_WARN_UNINITIALIZED_AUTOS = YES_AGGRESSIVE;
				GCC_WARN_UNUSED_FUNCTION = YES;
				GCC_WARN_UNUSED_VARIABLE = YES;
				IPHONEOS_DEPLOYMENT_TARGET = 14.0;
				MTL_ENABLE_DEBUG_INFO = INCLUDE_SOURCE;
				MTL_FAST_MATH = YES;
				ONLY_ACTIVE_ARCH = YES;
				SDKROOT = iphoneos;
				SWIFT_ACTIVE_COMPILATION_CONDITIONS = DEBUG;
				SWIFT_OPTIMIZATION_LEVEL = "-Onone";
			};
			name = Debug;
		};
		00333A6128E0E59E000AD5DE /* Release */ = {
			isa = XCBuildConfiguration;
			buildSettings = {
				ALWAYS_SEARCH_USER_PATHS = NO;
				CLANG_ANALYZER_NONNULL = YES;
				CLANG_ANALYZER_NUMBER_OBJECT_CONVERSION = YES_AGGRESSIVE;
				CLANG_CXX_LANGUAGE_STANDARD = "gnu++20";
				CLANG_ENABLE_MODULES = YES;
				CLANG_ENABLE_OBJC_ARC = YES;
				CLANG_ENABLE_OBJC_WEAK = YES;
				CLANG_WARN_BLOCK_CAPTURE_AUTORELEASING = YES;
				CLANG_WARN_BOOL_CONVERSION = YES;
				CLANG_WARN_COMMA = YES;
				CLANG_WARN_CONSTANT_CONVERSION = YES;
				CLANG_WARN_DEPRECATED_OBJC_IMPLEMENTATIONS = YES;
				CLANG_WARN_DIRECT_OBJC_ISA_USAGE = YES_ERROR;
				CLANG_WARN_DOCUMENTATION_COMMENTS = YES;
				CLANG_WARN_EMPTY_BODY = YES;
				CLANG_WARN_ENUM_CONVERSION = YES;
				CLANG_WARN_INFINITE_RECURSION = YES;
				CLANG_WARN_INT_CONVERSION = YES;
				CLANG_WARN_NON_LITERAL_NULL_CONVERSION = YES;
				CLANG_WARN_OBJC_IMPLICIT_RETAIN_SELF = YES;
				CLANG_WARN_OBJC_LITERAL_CONVERSION = YES;
				CLANG_WARN_OBJC_ROOT_CLASS = YES_ERROR;
				CLANG_WARN_QUOTED_INCLUDE_IN_FRAMEWORK_HEADER = YES;
				CLANG_WARN_RANGE_LOOP_ANALYSIS = YES;
				CLANG_WARN_STRICT_PROTOTYPES = YES;
				CLANG_WARN_SUSPICIOUS_MOVE = YES;
				CLANG_WARN_UNGUARDED_AVAILABILITY = YES_AGGRESSIVE;
				CLANG_WARN_UNREACHABLE_CODE = YES;
				CLANG_WARN__DUPLICATE_METHOD_MATCH = YES;
				COPY_PHASE_STRIP = NO;
				DEBUG_INFORMATION_FORMAT = "dwarf-with-dsym";
				ENABLE_NS_ASSERTIONS = NO;
				ENABLE_STRICT_OBJC_MSGSEND = YES;
				GCC_C_LANGUAGE_STANDARD = gnu11;
				GCC_NO_COMMON_BLOCKS = YES;
				GCC_WARN_64_TO_32_BIT_CONVERSION = YES;
				GCC_WARN_ABOUT_RETURN_TYPE = YES_ERROR;
				GCC_WARN_UNDECLARED_SELECTOR = YES;
				GCC_WARN_UNINITIALIZED_AUTOS = YES_AGGRESSIVE;
				GCC_WARN_UNUSED_FUNCTION = YES;
				GCC_WARN_UNUSED_VARIABLE = YES;
				IPHONEOS_DEPLOYMENT_TARGET = 14.0;
				MTL_ENABLE_DEBUG_INFO = NO;
				MTL_FAST_MATH = YES;
				SDKROOT = iphoneos;
				SWIFT_COMPILATION_MODE = wholemodule;
				SWIFT_OPTIMIZATION_LEVEL = "-O";
				VALIDATE_PRODUCT = YES;
			};
			name = Release;
		};
		00333A6328E0E59E000AD5DE /* Debug */ = {
			isa = XCBuildConfiguration;
			buildSettings = {
				ASSETCATALOG_COMPILER_APPICON_NAME = AppIcon;
				ASSETCATALOG_COMPILER_GLOBAL_ACCENT_COLOR_NAME = AccentColor;
				CODE_SIGN_STYLE = Automatic;
				CURRENT_PROJECT_VERSION = 1;
				GENERATE_INFOPLIST_FILE = YES;
				INFOPLIST_FILE = "UIKit-Delivery/System/Info.plist";
				INFOPLIST_KEY_UIApplicationSupportsIndirectInputEvents = YES;
				INFOPLIST_KEY_UILaunchStoryboardName = LaunchScreen;
				INFOPLIST_KEY_UIMainStoryboardFile = "";
				INFOPLIST_KEY_UISupportedInterfaceOrientations = UIInterfaceOrientationPortrait;
				INFOPLIST_KEY_UISupportedInterfaceOrientations_iPad = "UIInterfaceOrientationLandscapeLeft UIInterfaceOrientationLandscapeRight UIInterfaceOrientationPortrait UIInterfaceOrientationPortraitUpsideDown";
				IPHONEOS_DEPLOYMENT_TARGET = 14.0;
				LD_RUNPATH_SEARCH_PATHS = (
					"$(inherited)",
					"@executable_path/Frameworks",
				);
				MARKETING_VERSION = 1.0;
				PRODUCT_BUNDLE_IDENTIFIER = "com.UIKit-Delivery";
				PRODUCT_NAME = "$(TARGET_NAME)";
				SUPPORTED_PLATFORMS = "iphoneos iphonesimulator";
				SUPPORTS_MACCATALYST = NO;
				SUPPORTS_MAC_DESIGNED_FOR_IPHONE_IPAD = NO;
				SWIFT_EMIT_LOC_STRINGS = YES;
				SWIFT_VERSION = 5.0;
				TARGETED_DEVICE_FAMILY = 1;
			};
			name = Debug;
		};
		00333A6428E0E59E000AD5DE /* Release */ = {
			isa = XCBuildConfiguration;
			buildSettings = {
				ASSETCATALOG_COMPILER_APPICON_NAME = AppIcon;
				ASSETCATALOG_COMPILER_GLOBAL_ACCENT_COLOR_NAME = AccentColor;
				CODE_SIGN_STYLE = Automatic;
				CURRENT_PROJECT_VERSION = 1;
				GENERATE_INFOPLIST_FILE = YES;
				INFOPLIST_FILE = "UIKit-Delivery/System/Info.plist";
				INFOPLIST_KEY_UIApplicationSupportsIndirectInputEvents = YES;
				INFOPLIST_KEY_UILaunchStoryboardName = LaunchScreen;
				INFOPLIST_KEY_UIMainStoryboardFile = "";
				INFOPLIST_KEY_UISupportedInterfaceOrientations = UIInterfaceOrientationPortrait;
				INFOPLIST_KEY_UISupportedInterfaceOrientations_iPad = "UIInterfaceOrientationLandscapeLeft UIInterfaceOrientationLandscapeRight UIInterfaceOrientationPortrait UIInterfaceOrientationPortraitUpsideDown";
				IPHONEOS_DEPLOYMENT_TARGET = 14.0;
				LD_RUNPATH_SEARCH_PATHS = (
					"$(inherited)",
					"@executable_path/Frameworks",
				);
				MARKETING_VERSION = 1.0;
				PRODUCT_BUNDLE_IDENTIFIER = "com.UIKit-Delivery";
				PRODUCT_NAME = "$(TARGET_NAME)";
				SUPPORTED_PLATFORMS = "iphoneos iphonesimulator";
				SUPPORTS_MACCATALYST = NO;
				SUPPORTS_MAC_DESIGNED_FOR_IPHONE_IPAD = NO;
				SWIFT_EMIT_LOC_STRINGS = YES;
				SWIFT_VERSION = 5.0;
				TARGETED_DEVICE_FAMILY = 1;
			};
			name = Release;
		};
/* End XCBuildConfiguration section */

/* Begin XCConfigurationList section */
		00333A4928E0E59D000AD5DE /* Build configuration list for PBXProject "UIKit-Delivery" */ = {
			isa = XCConfigurationList;
			buildConfigurations = (
				00333A6028E0E59E000AD5DE /* Debug */,
				00333A6128E0E59E000AD5DE /* Release */,
			);
			defaultConfigurationIsVisible = 0;
			defaultConfigurationName = Release;
		};
		00333A6228E0E59E000AD5DE /* Build configuration list for PBXNativeTarget "UIKit-Delivery" */ = {
			isa = XCConfigurationList;
			buildConfigurations = (
				00333A6328E0E59E000AD5DE /* Debug */,
				00333A6428E0E59E000AD5DE /* Release */,
			);
			defaultConfigurationIsVisible = 0;
			defaultConfigurationName = Release;
		};
/* End XCConfigurationList section */
	};
	rootObject = 00333A4628E0E59D000AD5DE /* Project object */;
}
